
Microsoft Visual Studio Solution File, Format Version 12.00
# Visual Studio Version 17
VisualStudioVersion = 17.5.002.0
MinimumVisualStudioVersion = 10.0.40219.1
Project("{9A19103F-16F7-4668-BE54-9A1E7A4F7556}") = "Store", "Store.csproj", "{638DF7A2-0539-422A-9E34-4B15FEC154B7}"
EndProject
Global
	GlobalSection(SolutionConfigurationPlatforms) = preSolution
		Debug|Any CPU = Debug|Any CPU
		Release|Any CPU = Release|Any CPU
	EndGlobalSection
	GlobalSection(ProjectConfigurationPlatforms) = postSolution
		{638DF7A2-0539-422A-9E34-4B15FEC154B7}.Debug|Any CPU.ActiveCfg = Debug|Any CPU
		{638DF7A2-0539-422A-9E34-4B15FEC154B7}.Debug|Any CPU.Build.0 = Debug|Any CPU
		{638DF7A2-0539-422A-9E34-4B15FEC154B7}.Release|Any CPU.ActiveCfg = Release|Any CPU
		{638DF7A2-0539-422A-9E34-4B15FEC154B7}.Release|Any CPU.Build.0 = Release|Any CPU
	EndGlobalSection
	GlobalSection(SolutionProperties) = preSolution
		HideSolutionNode = FALSE
	EndGlobalSection
	GlobalSection(ExtensibilityGlobals) = postSolution
		SolutionGuid = {A704A60D-4809-419C-9FC6-DF7B97E2EDF0}
	EndGlobalSection
EndGlobal
